// !$*UTF8*$!
{
	archiveVersion = 1;
	classes = {
	};
	objectVersion = 77;
	objects = {

/* Begin PBXBuildFile section */
		6F0B87D12EB08FF000B8EC92 /* KakaoSDK in Frameworks */ = {isa = PBXBuildFile; productRef = 6F0B87D02EB08FF000B8EC92 /* KakaoSDK */; };
		6F0B87D32EB08FF000B8EC92 /* KakaoSDKCommon in Frameworks */ = {isa = PBXBuildFile; productRef = 6F0B87D22EB08FF000B8EC92 /* KakaoSDKCommon */; };
		6F0B87D52EB08FF000B8EC92 /* KakaoSDKShare in Frameworks */ = {isa = PBXBuildFile; productRef = 6F0B87D42EB08FF000B8EC92 /* KakaoSDKShare */; };
		6F0B87D72EB08FF000B8EC92 /* KakaoSDKTalk in Frameworks */ = {isa = PBXBuildFile; productRef = 6F0B87D62EB08FF000B8EC92 /* KakaoSDKTalk */; };
		6F0B87D92EB08FF000B8EC92 /* KakaoSDKTemplate in Frameworks */ = {isa = PBXBuildFile; productRef = 6F0B87D82EB08FF000B8EC92 /* KakaoSDKTemplate */; };
		6F0B87DB2EB08FF000B8EC92 /* KakaoSDKUser in Frameworks */ = {isa = PBXBuildFile; productRef = 6F0B87DA2EB08FF000B8EC92 /* KakaoSDKUser */; };
		6F2EF7D32EABC0E000E43376 /* FirebaseAI in Frameworks */ = {isa = PBXBuildFile; productRef = 6F2EF7D22EABC0E000E43376 /* FirebaseAI */; };
		6F2EF7D52EABC0E000E43376 /* FirebaseAnalytics in Frameworks */ = {isa = PBXBuildFile; productRef = 6F2EF7D42EABC0E000E43376 /* FirebaseAnalytics */; };
		6F2EF7D72EABC0E000E43376 /* FirebaseAnalyticsCore in Frameworks */ = {isa = PBXBuildFile; productRef = 6F2EF7D62EABC0E000E43376 /* FirebaseAnalyticsCore */; };
		6F2EF7D92EABC0E000E43376 /* FirebaseAnalyticsIdentitySupport in Frameworks */ = {isa = PBXBuildFile; productRef = 6F2EF7D82EABC0E000E43376 /* FirebaseAnalyticsIdentitySupport */; };
		6F2EF7DB2EABC0E000E43376 /* FirebaseAppCheck in Frameworks */ = {isa = PBXBuildFile; productRef = 6F2EF7DA2EABC0E000E43376 /* FirebaseAppCheck */; };
		6F2EF7DD2EABC1B600E43376 /* FirebaseMessaging in Frameworks */ = {isa = PBXBuildFile; productRef = 6F2EF7DC2EABC1B600E43376 /* FirebaseMessaging */; };
		6F7FE39A2EB52AB100AD3D43 /* FirebaseFirestore in Frameworks */ = {isa = PBXBuildFile; productRef = 6F7FE3992EB52AB100AD3D43 /* FirebaseFirestore */; };
		6F7FE39C2EB52AD400AD3D43 /* FirebaseStorage in Frameworks */ = {isa = PBXBuildFile; productRef = 6F7FE39B2EB52AD400AD3D43 /* FirebaseStorage */; };
		6F8507E92E9FA966006DA65B /* RealmSwift in Embed Frameworks */ = {isa = PBXBuildFile; productRef = 85190AEC2E8C3D1B00498C29 /* RealmSwift */; settings = {ATTRIBUTES = (CodeSignOnCopy, ); }; };
		85190AED2E8C3D1B00498C29 /* RealmSwift in Frameworks */ = {isa = PBXBuildFile; productRef = 85190AEC2E8C3D1B00498C29 /* RealmSwift */; };
		852807FC2E899A37009710CC /* Then in Frameworks */ = {isa = PBXBuildFile; productRef = 852807FB2E899A37009710CC /* Then */; };
		852807FF2E899A45009710CC /* SnapKit in Frameworks */ = {isa = PBXBuildFile; productRef = 852807FE2E899A45009710CC /* SnapKit */; };
/* End PBXBuildFile section */

/* Begin PBXCopyFilesBuildPhase section */
		6F8507E82E9FA963006DA65B /* Embed Frameworks */ = {
			isa = PBXCopyFilesBuildPhase;
			buildActionMask = 2147483647;
			dstPath = "";
			dstSubfolderSpec = 10;
			files = (
				6F8507E92E9FA966006DA65B /* RealmSwift in Embed Frameworks */,
			);
			name = "Embed Frameworks";
			runOnlyForDeploymentPostprocessing = 0;
		};
/* End PBXCopyFilesBuildPhase section */

/* Begin PBXFileReference section */
		85BB434B2E83F68E002330D2 /* Gifty.app */ = {isa = PBXFileReference; explicitFileType = wrapper.application; includeInIndex = 0; path = Gifty.app; sourceTree = BUILT_PRODUCTS_DIR; };
/* End PBXFileReference section */

/* Begin PBXFileSystemSynchronizedBuildFileExceptionSet section */
		85BB435D2E83F68F002330D2 /* Exceptions for "Gifty" folder in "Gifty" target */ = {
			isa = PBXFileSystemSynchronizedBuildFileExceptionSet;
			membershipExceptions = (
				Info.plist,
			);
			target = 85BB434A2E83F68E002330D2 /* Gifty */;
		};
/* End PBXFileSystemSynchronizedBuildFileExceptionSet section */

/* Begin PBXFileSystemSynchronizedRootGroup section */
		85BB434D2E83F68E002330D2 /* Gifty */ = {
			isa = PBXFileSystemSynchronizedRootGroup;
			exceptions = (
				85BB435D2E83F68F002330D2 /* Exceptions for "Gifty" folder in "Gifty" target */,
			);
			path = Gifty;
			sourceTree = "<group>";
		};
/* End PBXFileSystemSynchronizedRootGroup section */

/* Begin PBXFrameworksBuildPhase section */
		85BB43482E83F68E002330D2 /* Frameworks */ = {
			isa = PBXFrameworksBuildPhase;
			buildActionMask = 2147483647;
			files = (
				6F2EF7DD2EABC1B600E43376 /* FirebaseMessaging in Frameworks */,
				6F0B87D32EB08FF000B8EC92 /* KakaoSDKCommon in Frameworks */,
				6F0B87D12EB08FF000B8EC92 /* KakaoSDK in Frameworks */,
				6F2EF7DB2EABC0E000E43376 /* FirebaseAppCheck in Frameworks */,
				85190AED2E8C3D1B00498C29 /* RealmSwift in Frameworks */,
				6F7FE39A2EB52AB100AD3D43 /* FirebaseFirestore in Frameworks */,
				6F0B87D52EB08FF000B8EC92 /* KakaoSDKShare in Frameworks */,
				6F2EF7D72EABC0E000E43376 /* FirebaseAnalyticsCore in Frameworks */,
				6F0B87D72EB08FF000B8EC92 /* KakaoSDKTalk in Frameworks */,
				6F0B87DB2EB08FF000B8EC92 /* KakaoSDKUser in Frameworks */,
				6F2EF7D32EABC0E000E43376 /* FirebaseAI in Frameworks */,
				6F0B87D92EB08FF000B8EC92 /* KakaoSDKTemplate in Frameworks */,
				6F7FE39C2EB52AD400AD3D43 /* FirebaseStorage in Frameworks */,
				6F2EF7D92EABC0E000E43376 /* FirebaseAnalyticsIdentitySupport in Frameworks */,
				852807FC2E899A37009710CC /* Then in Frameworks */,
				6F2EF7D52EABC0E000E43376 /* FirebaseAnalytics in Frameworks */,
				852807FF2E899A45009710CC /* SnapKit in Frameworks */,
			);
			runOnlyForDeploymentPostprocessing = 0;
		};
/* End PBXFrameworksBuildPhase section */

/* Begin PBXGroup section */
		6F6ABF672E9DEC8B0023A872 /* Frameworks */ = {
			isa = PBXGroup;
			children = (
			);
			name = Frameworks;
			sourceTree = "<group>";
		};
		85BB43422E83F68E002330D2 = {
			isa = PBXGroup;
			children = (
				85BB434D2E83F68E002330D2 /* Gifty */,
				6F6ABF672E9DEC8B0023A872 /* Frameworks */,
				85BB434C2E83F68E002330D2 /* Products */,
			);
			sourceTree = "<group>";
		};
		85BB434C2E83F68E002330D2 /* Products */ = {
			isa = PBXGroup;
			children = (
				85BB434B2E83F68E002330D2 /* Gifty.app */,
			);
			name = Products;
			sourceTree = "<group>";
		};
/* End PBXGroup section */

/* Begin PBXNativeTarget section */
		85BB434A2E83F68E002330D2 /* Gifty */ = {
			isa = PBXNativeTarget;
			buildConfigurationList = 85BB435E2E83F68F002330D2 /* Build configuration list for PBXNativeTarget "Gifty" */;
			buildPhases = (
				85BB43472E83F68E002330D2 /* Sources */,
				6FD4A0772E9D38F800041C7B /* ShellScript */,
				85BB43482E83F68E002330D2 /* Frameworks */,
				85BB43492E83F68E002330D2 /* Resources */,
				6F8507E82E9FA963006DA65B /* Embed Frameworks */,
			);
			buildRules = (
			);
			dependencies = (
			);
			fileSystemSynchronizedGroups = (
				85BB434D2E83F68E002330D2 /* Gifty */,
			);
			name = Gifty;
			packageProductDependencies = (
				852807FB2E899A37009710CC /* Then */,
				852807FE2E899A45009710CC /* SnapKit */,
				85190AEC2E8C3D1B00498C29 /* RealmSwift */,
				6F2EF7D22EABC0E000E43376 /* FirebaseAI */,
				6F2EF7D42EABC0E000E43376 /* FirebaseAnalytics */,
				6F2EF7D62EABC0E000E43376 /* FirebaseAnalyticsCore */,
				6F2EF7D82EABC0E000E43376 /* FirebaseAnalyticsIdentitySupport */,
				6F2EF7DA2EABC0E000E43376 /* FirebaseAppCheck */,
				6F2EF7DC2EABC1B600E43376 /* FirebaseMessaging */,
				6F0B87D02EB08FF000B8EC92 /* KakaoSDK */,
				6F0B87D22EB08FF000B8EC92 /* KakaoSDKCommon */,
				6F0B87D42EB08FF000B8EC92 /* KakaoSDKShare */,
				6F0B87D62EB08FF000B8EC92 /* KakaoSDKTalk */,
				6F0B87D82EB08FF000B8EC92 /* KakaoSDKTemplate */,
				6F0B87DA2EB08FF000B8EC92 /* KakaoSDKUser */,
				6F7FE3992EB52AB100AD3D43 /* FirebaseFirestore */,
				6F7FE39B2EB52AD400AD3D43 /* FirebaseStorage */,
			);
			productName = Gifty_iOS;
			productReference = 85BB434B2E83F68E002330D2 /* Gifty.app */;
			productType = "com.apple.product-type.application";
		};
/* End PBXNativeTarget section */

/* Begin PBXProject section */
		85BB43432E83F68E002330D2 /* Project object */ = {
			isa = PBXProject;
			attributes = {
				BuildIndependentTargetsInParallel = 1;
				LastSwiftUpdateCheck = 2600;
				LastUpgradeCheck = 2600;
				TargetAttributes = {
					85BB434A2E83F68E002330D2 = {
						CreatedOnToolsVersion = 26.0;
					};
				};
			};
			buildConfigurationList = 85BB43462E83F68E002330D2 /* Build configuration list for PBXProject "Gifty" */;
			developmentRegion = en;
			hasScannedForEncodings = 0;
			knownRegions = (
				en,
				Base,
			);
			mainGroup = 85BB43422E83F68E002330D2;
			minimizedProjectReferenceProxies = 1;
			packageReferences = (
				852807FA2E899A37009710CC /* XCRemoteSwiftPackageReference "Then" */,
				852807FD2E899A45009710CC /* XCRemoteSwiftPackageReference "SnapKit" */,
				85190AEB2E8C3D1B00498C29 /* XCRemoteSwiftPackageReference "realm-swift" */,
				6F2EF7D12EABC0E000E43376 /* XCRemoteSwiftPackageReference "firebase-ios-sdk" */,
				6F0B87CF2EB08FEF00B8EC92 /* XCRemoteSwiftPackageReference "kakao-ios-sdk" */,
			);
			preferredProjectObjectVersion = 77;
			productRefGroup = 85BB434C2E83F68E002330D2 /* Products */;
			projectDirPath = "";
			projectRoot = "";
			targets = (
				85BB434A2E83F68E002330D2 /* Gifty */,
			);
		};
/* End PBXProject section */

/* Begin PBXResourcesBuildPhase section */
		85BB43492E83F68E002330D2 /* Resources */ = {
			isa = PBXResourcesBuildPhase;
			buildActionMask = 2147483647;
			files = (
			);
			runOnlyForDeploymentPostprocessing = 0;
		};
/* End PBXResourcesBuildPhase section */

/* Begin PBXShellScriptBuildPhase section */
		6FD4A0772E9D38F800041C7B /* ShellScript */ = {
			isa = PBXShellScriptBuildPhase;
			buildActionMask = 2147483647;
			files = (
			);
			inputFileListPaths = (
			);
			inputPaths = (
			);
			outputFileListPaths = (
			);
			outputPaths = (
			);
			runOnlyForDeploymentPostprocessing = 0;
			shellPath = /bin/sh;
			shellScript = "  if which swiftlint >/dev/null; then\n      swiftlint || true\n    else\n      echo \"warning: SwiftLint not installed, download from https://github.com/realm/SwiftLint\"\n    fi\n";
		};
/* End PBXShellScriptBuildPhase section */

/* Begin PBXSourcesBuildPhase section */
		85BB43472E83F68E002330D2 /* Sources */ = {
			isa = PBXSourcesBuildPhase;
			buildActionMask = 2147483647;
			files = (
			);
			runOnlyForDeploymentPostprocessing = 0;
		};
/* End PBXSourcesBuildPhase section */

/* Begin XCBuildConfiguration section */
		85BB435F2E83F68F002330D2 /* Debug */ = {
			isa = XCBuildConfiguration;
			buildSettings = {
				ASSETCATALOG_COMPILER_APPICON_NAME = AppIcon;
				ASSETCATALOG_COMPILER_GLOBAL_ACCENT_COLOR_NAME = AccentColor;
				CODE_SIGN_ENTITLEMENTS = Gifty/Gifty.entitlements;
				CODE_SIGN_STYLE = Automatic;
				CURRENT_PROJECT_VERSION = 2;
				DEVELOPMENT_TEAM = 4WFV8NBUPB;
				GENERATE_INFOPLIST_FILE = YES;
				INFOPLIST_FILE = Gifty/Info.plist;
				INFOPLIST_KEY_UIApplicationSupportsIndirectInputEvents = YES;
				INFOPLIST_KEY_UILaunchStoryboardName = LaunchScreen;
				INFOPLIST_KEY_UISupportedInterfaceOrientations_iPad = "UIInterfaceOrientationPortrait UIInterfaceOrientationPortraitUpsideDown UIInterfaceOrientationLandscapeLeft UIInterfaceOrientationLandscapeRight";
				INFOPLIST_KEY_UISupportedInterfaceOrientations_iPhone = "UIInterfaceOrientationPortrait UIInterfaceOrientationLandscapeLeft UIInterfaceOrientationLandscapeRight";
				LD_RUNPATH_SEARCH_PATHS = (
					"$(inherited)",
					"\" @loader_path/Frameworks\"",
					"@executable_path/Frameworks",
				);
				MARKETING_VERSION = 1.1;
				PRODUCT_BUNDLE_IDENTIFIER = com.ahyeonlee.gifty.app;
				PRODUCT_NAME = "$(TARGET_NAME)";
				STRING_CATALOG_GENERATE_SYMBOLS = YES;
				SUPPORTED_PLATFORMS = "iphoneos iphonesimulator";
				SUPPORTS_MACCATALYST = NO;
				SUPPORTS_XR_DESIGNED_FOR_IPHONE_IPAD = NO;
				SWIFT_APPROACHABLE_CONCURRENCY = YES;
				SWIFT_DEFAULT_ACTOR_ISOLATION = MainActor;
				SWIFT_EMIT_LOC_STRINGS = YES;
				SWIFT_UPCOMING_FEATURE_MEMBER_IMPORT_VISIBILITY = YES;
				SWIFT_VERSION = 5.0;
				TARGETED_DEVICE_FAMILY = 1;
			};
			name = Debug;
		};
		85BB43602E83F68F002330D2 /* Release */ = {
			isa = XCBuildConfiguration;
			buildSettings = {
				ASSETCATALOG_COMPILER_APPICON_NAME = AppIcon;
				ASSETCATALOG_COMPILER_GLOBAL_ACCENT_COLOR_NAME = AccentColor;
				CODE_SIGN_ENTITLEMENTS = Gifty/Gifty.entitlements;
				CODE_SIGN_STYLE = Automatic;
				CURRENT_PROJECT_VERSION = 2;
				DEVELOPMENT_TEAM = 4WFV8NBUPB;
				GENERATE_INFOPLIST_FILE = YES;
				INFOPLIST_FILE = Gifty/Info.plist;
				INFOPLIST_KEY_UIApplicationSupportsIndirectInputEvents = YES;
				INFOPLIST_KEY_UILaunchStoryboardName = LaunchScreen;
				INFOPLIST_KEY_UISupportedInterfaceOrientations_iPad = "UIInterfaceOrientationPortrait UIInterfaceOrientationPortraitUpsideDown UIInterfaceOrientationLandscapeLeft UIInterfaceOrientationLandscapeRight";
				INFOPLIST_KEY_UISupportedInterfaceOrientations_iPhone = "UIInterfaceOrientationPortrait UIInterfaceOrientationLandscapeLeft UIInterfaceOrientationLandscapeRight";
				LD_RUNPATH_SEARCH_PATHS = (
					"$(inherited)",
					"\" @loader_path/Frameworks\"",
					"@executable_path/Frameworks",
				);
				MARKETING_VERSION = 1.1;
				PRODUCT_BUNDLE_IDENTIFIER = com.ahyeonlee.gifty.app;
				PRODUCT_NAME = "$(TARGET_NAME)";
				STRING_CATALOG_GENERATE_SYMBOLS = YES;
				SUPPORTED_PLATFORMS = "iphoneos iphonesimulator";
				SUPPORTS_MACCATALYST = NO;
				SUPPORTS_XR_DESIGNED_FOR_IPHONE_IPAD = NO;
				SWIFT_APPROACHABLE_CONCURRENCY = YES;
				SWIFT_DEFAULT_ACTOR_ISOLATION = MainActor;
				SWIFT_EMIT_LOC_STRINGS = YES;
				SWIFT_UPCOMING_FEATURE_MEMBER_IMPORT_VISIBILITY = YES;
				SWIFT_VERSION = 5.0;
				TARGETED_DEVICE_FAMILY = 1;
			};
			name = Release;
		};
		85BB43612E83F68F002330D2 /* Debug */ = {
			isa = XCBuildConfiguration;
			buildSettings = {
				ALWAYS_EMBED_SWIFT_STANDARD_LIBRARIES = YES;
				ALWAYS_SEARCH_USER_PATHS = NO;
				ASSETCATALOG_COMPILER_GENERATE_SWIFT_ASSET_SYMBOL_EXTENSIONS = YES;
				CLANG_ANALYZER_NONNULL = YES;
				CLANG_ANALYZER_NUMBER_OBJECT_CONVERSION = YES_AGGRESSIVE;
				CLANG_CXX_LANGUAGE_STANDARD = "gnu++20";
				CLANG_ENABLE_MODULES = YES;
				CLANG_ENABLE_OBJC_ARC = YES;
				CLANG_ENABLE_OBJC_WEAK = YES;
				CLANG_WARN_BLOCK_CAPTURE_AUTORELEASING = YES;
				CLANG_WARN_BOOL_CONVERSION = YES;
				CLANG_WARN_COMMA = YES;
				CLANG_WARN_CONSTANT_CONVERSION = YES;
				CLANG_WARN_DEPRECATED_OBJC_IMPLEMENTATIONS = YES;
				CLANG_WARN_DIRECT_OBJC_ISA_USAGE = YES_ERROR;
				CLANG_WARN_DOCUMENTATION_COMMENTS = YES;
				CLANG_WARN_EMPTY_BODY = YES;
				CLANG_WARN_ENUM_CONVERSION = YES;
				CLANG_WARN_INFINITE_RECURSION = YES;
				CLANG_WARN_INT_CONVERSION = YES;
				CLANG_WARN_NON_LITERAL_NULL_CONVERSION = YES;
				CLANG_WARN_OBJC_IMPLICIT_RETAIN_SELF = YES;
				CLANG_WARN_OBJC_LITERAL_CONVERSION = YES;
				CLANG_WARN_OBJC_ROOT_CLASS = YES_ERROR;
				CLANG_WARN_QUOTED_INCLUDE_IN_FRAMEWORK_HEADER = YES;
				CLANG_WARN_RANGE_LOOP_ANALYSIS = YES;
				CLANG_WARN_STRICT_PROTOTYPES = YES;
				CLANG_WARN_SUSPICIOUS_MOVE = YES;
				CLANG_WARN_UNGUARDED_AVAILABILITY = YES_AGGRESSIVE;
				CLANG_WARN_UNREACHABLE_CODE = YES;
				CLANG_WARN__DUPLICATE_METHOD_MATCH = YES;
				COPY_PHASE_STRIP = NO;
				DEBUG_INFORMATION_FORMAT = dwarf;
				DEVELOPMENT_TEAM = GP2ML5Q5AN;
				ENABLE_STRICT_OBJC_MSGSEND = YES;
				ENABLE_TESTABILITY = YES;
				ENABLE_USER_SCRIPT_SANDBOXING = YES;
				GCC_C_LANGUAGE_STANDARD = gnu17;
				GCC_DYNAMIC_NO_PIC = NO;
				GCC_NO_COMMON_BLOCKS = YES;
				GCC_OPTIMIZATION_LEVEL = 0;
				GCC_PREPROCESSOR_DEFINITIONS = (
					"DEBUG=1",
					"$(inherited)",
				);
				GCC_WARN_64_TO_32_BIT_CONVERSION = YES;
				GCC_WARN_ABOUT_RETURN_TYPE = YES_ERROR;
				GCC_WARN_UNDECLARED_SELECTOR = YES;
				GCC_WARN_UNINITIALIZED_AUTOS = YES_AGGRESSIVE;
				GCC_WARN_UNUSED_FUNCTION = YES;
				GCC_WARN_UNUSED_VARIABLE = YES;
				IPHONEOS_DEPLOYMENT_TARGET = 26.0;
				LOCALIZATION_PREFERS_STRING_CATALOGS = YES;
				MTL_ENABLE_DEBUG_INFO = INCLUDE_SOURCE;
				MTL_FAST_MATH = YES;
				ONLY_ACTIVE_ARCH = YES;
				SDKROOT = iphoneos;
				SWIFT_ACTIVE_COMPILATION_CONDITIONS = "DEBUG $(inherited)";
				SWIFT_OPTIMIZATION_LEVEL = "-Onone";
			};
			name = Debug;
		};
		85BB43622E83F68F002330D2 /* Release */ = {
			isa = XCBuildConfiguration;
			buildSettings = {
				ALWAYS_EMBED_SWIFT_STANDARD_LIBRARIES = YES;
				ALWAYS_SEARCH_USER_PATHS = NO;
				ASSETCATALOG_COMPILER_GENERATE_SWIFT_ASSET_SYMBOL_EXTENSIONS = YES;
				CLANG_ANALYZER_NONNULL = YES;
				CLANG_ANALYZER_NUMBER_OBJECT_CONVERSION = YES_AGGRESSIVE;
				CLANG_CXX_LANGUAGE_STANDARD = "gnu++20";
				CLANG_ENABLE_MODULES = YES;
				CLANG_ENABLE_OBJC_ARC = YES;
				CLANG_ENABLE_OBJC_WEAK = YES;
				CLANG_WARN_BLOCK_CAPTURE_AUTORELEASING = YES;
				CLANG_WARN_BOOL_CONVERSION = YES;
				CLANG_WARN_COMMA = YES;
				CLANG_WARN_CONSTANT_CONVERSION = YES;
				CLANG_WARN_DEPRECATED_OBJC_IMPLEMENTATIONS = YES;
				CLANG_WARN_DIRECT_OBJC_ISA_USAGE = YES_ERROR;
				CLANG_WARN_DOCUMENTATION_COMMENTS = YES;
				CLANG_WARN_EMPTY_BODY = YES;
				CLANG_WARN_ENUM_CONVERSION = YES;
				CLANG_WARN_INFINITE_RECURSION = YES;
				CLANG_WARN_INT_CONVERSION = YES;
				CLANG_WARN_NON_LITERAL_NULL_CONVERSION = YES;
				CLANG_WARN_OBJC_IMPLICIT_RETAIN_SELF = YES;
				CLANG_WARN_OBJC_LITERAL_CONVERSION = YES;
				CLANG_WARN_OBJC_ROOT_CLASS = YES_ERROR;
				CLANG_WARN_QUOTED_INCLUDE_IN_FRAMEWORK_HEADER = YES;
				CLANG_WARN_RANGE_LOOP_ANALYSIS = YES;
				CLANG_WARN_STRICT_PROTOTYPES = YES;
				CLANG_WARN_SUSPICIOUS_MOVE = YES;
				CLANG_WARN_UNGUARDED_AVAILABILITY = YES_AGGRESSIVE;
				CLANG_WARN_UNREACHABLE_CODE = YES;
				CLANG_WARN__DUPLICATE_METHOD_MATCH = YES;
				COPY_PHASE_STRIP = NO;
				DEBUG_INFORMATION_FORMAT = "dwarf-with-dsym";
				DEVELOPMENT_TEAM = GP2ML5Q5AN;
				ENABLE_NS_ASSERTIONS = NO;
				ENABLE_STRICT_OBJC_MSGSEND = YES;
				ENABLE_USER_SCRIPT_SANDBOXING = YES;
				GCC_C_LANGUAGE_STANDARD = gnu17;
				GCC_NO_COMMON_BLOCKS = YES;
				GCC_WARN_64_TO_32_BIT_CONVERSION = YES;
				GCC_WARN_ABOUT_RETURN_TYPE = YES_ERROR;
				GCC_WARN_UNDECLARED_SELECTOR = YES;
				GCC_WARN_UNINITIALIZED_AUTOS = YES_AGGRESSIVE;
				GCC_WARN_UNUSED_FUNCTION = YES;
				GCC_WARN_UNUSED_VARIABLE = YES;
				IPHONEOS_DEPLOYMENT_TARGET = 26.0;
				LOCALIZATION_PREFERS_STRING_CATALOGS = YES;
				MTL_ENABLE_DEBUG_INFO = NO;
				MTL_FAST_MATH = YES;
				SDKROOT = iphoneos;
				SWIFT_COMPILATION_MODE = wholemodule;
				VALIDATE_PRODUCT = YES;
			};
			name = Release;
		};
/* End XCBuildConfiguration section */

/* Begin XCConfigurationList section */
		85BB43462E83F68E002330D2 /* Build configuration list for PBXProject "Gifty" */ = {
			isa = XCConfigurationList;
			buildConfigurations = (
				85BB43612E83F68F002330D2 /* Debug */,
				85BB43622E83F68F002330D2 /* Release */,
			);
			defaultConfigurationIsVisible = 0;
			defaultConfigurationName = Release;
		};
		85BB435E2E83F68F002330D2 /* Build configuration list for PBXNativeTarget "Gifty" */ = {
			isa = XCConfigurationList;
			buildConfigurations = (
				85BB435F2E83F68F002330D2 /* Debug */,
				85BB43602E83F68F002330D2 /* Release */,
			);
			defaultConfigurationIsVisible = 0;
			defaultConfigurationName = Release;
		};
/* End XCConfigurationList section */

/* Begin XCRemoteSwiftPackageReference section */
		6F0B87CF2EB08FEF00B8EC92 /* XCRemoteSwiftPackageReference "kakao-ios-sdk" */ = {
			isa = XCRemoteSwiftPackageReference;
			repositoryURL = "https://github.com/kakao/kakao-ios-sdk";
			requirement = {
				kind = upToNextMajorVersion;
				minimumVersion = 2.25.0;
			};
		};
		6F2EF7D12EABC0E000E43376 /* XCRemoteSwiftPackageReference "firebase-ios-sdk" */ = {
			isa = XCRemoteSwiftPackageReference;
			repositoryURL = "https://github.com/firebase/firebase-ios-sdk";
			requirement = {
				kind = upToNextMajorVersion;
				minimumVersion = 12.4.0;
			};
		};
		85190AEB2E8C3D1B00498C29 /* XCRemoteSwiftPackageReference "realm-swift" */ = {
			isa = XCRemoteSwiftPackageReference;
			repositoryURL = "https://github.com/realm/realm-swift.git";
			requirement = {
				branch = master;
				kind = branch;
			};
		};
		852807FA2E899A37009710CC /* XCRemoteSwiftPackageReference "Then" */ = {
			isa = XCRemoteSwiftPackageReference;
			repositoryURL = "https://github.com/devxoul/Then.git";
			requirement = {
				kind = exactVersion;
				version = 3.0.0;
			};
		};
		852807FD2E899A45009710CC /* XCRemoteSwiftPackageReference "SnapKit" */ = {
			isa = XCRemoteSwiftPackageReference;
			repositoryURL = "https://github.com/SnapKit/SnapKit.git";
			requirement = {
				kind = upToNextMajorVersion;
				minimumVersion = 5.7.1;
			};
		};
/* End XCRemoteSwiftPackageReference section */

/* Begin XCSwiftPackageProductDependency section */
		6F0B87D02EB08FF000B8EC92 /* KakaoSDK */ = {
			isa = XCSwiftPackageProductDependency;
			package = 6F0B87CF2EB08FEF00B8EC92 /* XCRemoteSwiftPackageReference "kakao-ios-sdk" */;
			productName = KakaoSDK;
		};
		6F0B87D22EB08FF000B8EC92 /* KakaoSDKCommon */ = {
			isa = XCSwiftPackageProductDependency;
			package = 6F0B87CF2EB08FEF00B8EC92 /* XCRemoteSwiftPackageReference "kakao-ios-sdk" */;
			productName = KakaoSDKCommon;
		};
		6F0B87D42EB08FF000B8EC92 /* KakaoSDKShare */ = {
			isa = XCSwiftPackageProductDependency;
			package = 6F0B87CF2EB08FEF00B8EC92 /* XCRemoteSwiftPackageReference "kakao-ios-sdk" */;
			productName = KakaoSDKShare;
		};
		6F0B87D62EB08FF000B8EC92 /* KakaoSDKTalk */ = {
			isa = XCSwiftPackageProductDependency;
			package = 6F0B87CF2EB08FEF00B8EC92 /* XCRemoteSwiftPackageReference "kakao-ios-sdk" */;
			productName = KakaoSDKTalk;
		};
		6F0B87D82EB08FF000B8EC92 /* KakaoSDKTemplate */ = {
			isa = XCSwiftPackageProductDependency;
			package = 6F0B87CF2EB08FEF00B8EC92 /* XCRemoteSwiftPackageReference "kakao-ios-sdk" */;
			productName = KakaoSDKTemplate;
		};
		6F0B87DA2EB08FF000B8EC92 /* KakaoSDKUser */ = {
			isa = XCSwiftPackageProductDependency;
			package = 6F0B87CF2EB08FEF00B8EC92 /* XCRemoteSwiftPackageReference "kakao-ios-sdk" */;
			productName = KakaoSDKUser;
		};
		6F2EF7D22EABC0E000E43376 /* FirebaseAI */ = {
			isa = XCSwiftPackageProductDependency;
			package = 6F2EF7D12EABC0E000E43376 /* XCRemoteSwiftPackageReference "firebase-ios-sdk" */;
			productName = FirebaseAI;
		};
		6F2EF7D42EABC0E000E43376 /* FirebaseAnalytics */ = {
			isa = XCSwiftPackageProductDependency;
			package = 6F2EF7D12EABC0E000E43376 /* XCRemoteSwiftPackageReference "firebase-ios-sdk" */;
			productName = FirebaseAnalytics;
		};
		6F2EF7D62EABC0E000E43376 /* FirebaseAnalyticsCore */ = {
			isa = XCSwiftPackageProductDependency;
			package = 6F2EF7D12EABC0E000E43376 /* XCRemoteSwiftPackageReference "firebase-ios-sdk" */;
			productName = FirebaseAnalyticsCore;
		};
		6F2EF7D82EABC0E000E43376 /* FirebaseAnalyticsIdentitySupport */ = {
			isa = XCSwiftPackageProductDependency;
			package = 6F2EF7D12EABC0E000E43376 /* XCRemoteSwiftPackageReference "firebase-ios-sdk" */;
			productName = FirebaseAnalyticsIdentitySupport;
		};
		6F2EF7DA2EABC0E000E43376 /* FirebaseAppCheck */ = {
			isa = XCSwiftPackageProductDependency;
			package = 6F2EF7D12EABC0E000E43376 /* XCRemoteSwiftPackageReference "firebase-ios-sdk" */;
			productName = FirebaseAppCheck;
		};
		6F2EF7DC2EABC1B600E43376 /* FirebaseMessaging */ = {
			isa = XCSwiftPackageProductDependency;
			package = 6F2EF7D12EABC0E000E43376 /* XCRemoteSwiftPackageReference "firebase-ios-sdk" */;
			productName = FirebaseMessaging;
		};
		6F7FE3992EB52AB100AD3D43 /* FirebaseFirestore */ = {
			isa = XCSwiftPackageProductDependency;
			package = 6F2EF7D12EABC0E000E43376 /* XCRemoteSwiftPackageReference "firebase-ios-sdk" */;
			productName = FirebaseFirestore;
		};
		6F7FE39B2EB52AD400AD3D43 /* FirebaseStorage */ = {
			isa = XCSwiftPackageProductDependency;
			package = 6F2EF7D12EABC0E000E43376 /* XCRemoteSwiftPackageReference "firebase-ios-sdk" */;
			productName = FirebaseStorage;
		};
		85190AEC2E8C3D1B00498C29 /* RealmSwift */ = {
			isa = XCSwiftPackageProductDependency;
			package = 85190AEB2E8C3D1B00498C29 /* XCRemoteSwiftPackageReference "realm-swift" */;
			productName = RealmSwift;
		};
		852807FB2E899A37009710CC /* Then */ = {
			isa = XCSwiftPackageProductDependency;
			package = 852807FA2E899A37009710CC /* XCRemoteSwiftPackageReference "Then" */;
			productName = Then;
		};
		852807FE2E899A45009710CC /* SnapKit */ = {
			isa = XCSwiftPackageProductDependency;
			package = 852807FD2E899A45009710CC /* XCRemoteSwiftPackageReference "SnapKit" */;
			productName = SnapKit;
		};
/* End XCSwiftPackageProductDependency section */
	};
	rootObject = 85BB43432E83F68E002330D2 /* Project object */;
}
