// !$*UTF8*$!
{
	archiveVersion = 1;
	classes = {
	};
	objectVersion = 77;
	objects = {

/* Begin PBXBuildFile section */
		6F0B87D12EB08FF000B8EC92 /* KakaoSDK in Frameworks */ = {isa = PBXBuildFile; productRef = 6F0B87D02EB08FF000B8EC92 /* KakaoSDK */; };
		6F0B87D32EB08FF000B8EC92 /* KakaoSDKCommon in Frameworks */ = {isa = PBXBuildFile; productRef = 6F0B87D22EB08FF000B8EC92 /* KakaoSDKCommon */; };
		6F0B87D52EB08FF000B8EC92 /* KakaoSDKShare in Frameworks */ = {isa = PBXBuildFile; productRef = 6F0B87D42EB08FF000B8EC92 /* KakaoSDKShare */; };
		6F0B87D72EB08FF000B8EC92 /* KakaoSDKTalk in Frameworks */ = {isa = PBXBuildFile; productRef = 6F0B87D62EB08FF000B8EC92 /* KakaoSDKTalk */; };
		6F0B87D92EB08FF000B8EC92 /* KakaoSDKTemplate in Frameworks */ = {isa = PBXBuildFile; productRef = 6F0B87D82EB08FF000B8EC92 /* KakaoSDKTemplate */; };
		6F0B87DB2EB08FF000B8EC92 /* KakaoSDKUser in Frameworks */ = {isa = PBXBuildFile; productRef = 6F0B87DA2EB08FF000B8EC92 /* KakaoSDKUser */; };
		6F24ABC92EC19E8500F1B5C9 /* RxBlocking in Frameworks */ = {isa = PBXBuildFile; productRef = 6F24ABC82EC19E8500F1B5C9 /* RxBlocking */; };
		6F24ABCB2EC19E8500F1B5C9 /* RxCocoa in Frameworks */ = {isa = PBXBuildFile; productRef = 6F24ABCA2EC19E8500F1B5C9 /* RxCocoa */; };
		6F24ABCD2EC19E8500F1B5C9 /* RxRelay in Frameworks */ = {isa = PBXBuildFile; productRef = 6F24ABCC2EC19E8500F1B5C9 /* RxRelay */; };
		6F24ABCF2EC19E8500F1B5C9 /* RxSwift in Frameworks */ = {isa = PBXBuildFile; productRef = 6F24ABCE2EC19E8500F1B5C9 /* RxSwift */; };
		6F2B28362ECB490B00FB7169 /* GoogleMobileAds in Frameworks */ = {isa = PBXBuildFile; productRef = 6F2B28352ECB490B00FB7169 /* GoogleMobileAds */; };
		6F2EF7D32EABC0E000E43376 /* FirebaseAI in Frameworks */ = {isa = PBXBuildFile; productRef = 6F2EF7D22EABC0E000E43376 /* FirebaseAI */; };
		6F2EF7D52EABC0E000E43376 /* FirebaseAnalytics in Frameworks */ = {isa = PBXBuildFile; productRef = 6F2EF7D42EABC0E000E43376 /* FirebaseAnalytics */; };
		6F2EF7D72EABC0E000E43376 /* FirebaseAnalyticsCore in Frameworks */ = {isa = PBXBuildFile; productRef = 6F2EF7D62EABC0E000E43376 /* FirebaseAnalyticsCore */; };
		6F2EF7D92EABC0E000E43376 /* FirebaseAnalyticsIdentitySupport in Frameworks */ = {isa = PBXBuildFile; productRef = 6F2EF7D82EABC0E000E43376 /* FirebaseAnalyticsIdentitySupport */; };
		6F2EF7DB2EABC0E000E43376 /* FirebaseAppCheck in Frameworks */ = {isa = PBXBuildFile; productRef = 6F2EF7DA2EABC0E000E43376 /* FirebaseAppCheck */; };
		6F2EF7DD2EABC1B600E43376 /* FirebaseMessaging in Frameworks */ = {isa = PBXBuildFile; productRef = 6F2EF7DC2EABC1B600E43376 /* FirebaseMessaging */; };
		6F3C6B442EEF75B200DDD62F /* CombineMoya in Frameworks */ = {isa = PBXBuildFile; productRef = 6F3C6B432EEF75B200DDD62F /* CombineMoya */; };
		6F3C6B462EEF75B200DDD62F /* Moya in Frameworks */ = {isa = PBXBuildFile; productRef = 6F3C6B452EEF75B200DDD62F /* Moya */; };
		6F3C6B482EEF75B200DDD62F /* ReactiveMoya in Frameworks */ = {isa = PBXBuildFile; productRef = 6F3C6B472EEF75B200DDD62F /* ReactiveMoya */; };
		6F3C6B4A2EEF75B200DDD62F /* RxMoya in Frameworks */ = {isa = PBXBuildFile; productRef = 6F3C6B492EEF75B200DDD62F /* RxMoya */; };
		6F51271A2ED810EF00CCE053 /* WidgetKit.framework in Frameworks */ = {isa = PBXBuildFile; fileRef = 6F5127192ED810EF00CCE053 /* WidgetKit.framework */; };
		6F51271C2ED810EF00CCE053 /* SwiftUI.framework in Frameworks */ = {isa = PBXBuildFile; fileRef = 6F51271B2ED810EF00CCE053 /* SwiftUI.framework */; };
		6F51272D2ED810F000CCE053 /* GiftyWidgetExtension.appex in Embed Foundation Extensions */ = {isa = PBXBuildFile; fileRef = 6F5127182ED810EF00CCE053 /* GiftyWidgetExtension.appex */; settings = {ATTRIBUTES = (RemoveHeadersOnCopy, ); }; };
		6F7FE39A2EB52AB100AD3D43 /* FirebaseFirestore in Frameworks */ = {isa = PBXBuildFile; productRef = 6F7FE3992EB52AB100AD3D43 /* FirebaseFirestore */; };
		6F7FE39C2EB52AD400AD3D43 /* FirebaseStorage in Frameworks */ = {isa = PBXBuildFile; productRef = 6F7FE39B2EB52AD400AD3D43 /* FirebaseStorage */; };
		852807FC2E899A37009710CC /* Then in Frameworks */ = {isa = PBXBuildFile; productRef = 852807FB2E899A37009710CC /* Then */; };
		852807FF2E899A45009710CC /* SnapKit in Frameworks */ = {isa = PBXBuildFile; productRef = 852807FE2E899A45009710CC /* SnapKit */; };
/* End PBXBuildFile section */

/* Begin PBXContainerItemProxy section */
		6F51272B2ED810F000CCE053 /* PBXContainerItemProxy */ = {
			isa = PBXContainerItemProxy;
			containerPortal = 85BB43432E83F68E002330D2 /* Project object */;
			proxyType = 1;
			remoteGlobalIDString = 6F5127172ED810EF00CCE053;
			remoteInfo = GiftyWidgetExtension;
		};
/* End PBXContainerItemProxy section */

/* Begin PBXCopyFilesBuildPhase section */
		6F51272E2ED810F000CCE053 /* Embed Foundation Extensions */ = {
			isa = PBXCopyFilesBuildPhase;
			buildActionMask = 2147483647;
			dstPath = "";
			dstSubfolderSpec = 13;
			files = (
				6F51272D2ED810F000CCE053 /* GiftyWidgetExtension.appex in Embed Foundation Extensions */,
			);
			name = "Embed Foundation Extensions";
			runOnlyForDeploymentPostprocessing = 0;
		};
		6F5127392ED813BD00CCE053 /* Embed Frameworks */ = {
			isa = PBXCopyFilesBuildPhase;
			buildActionMask = 2147483647;
			dstPath = "";
			dstSubfolderSpec = 10;
			files = (
			);
			name = "Embed Frameworks";
			runOnlyForDeploymentPostprocessing = 0;
		};
		6F8507E82E9FA963006DA65B /* Embed Frameworks */ = {
			isa = PBXCopyFilesBuildPhase;
			buildActionMask = 2147483647;
			dstPath = "";
			dstSubfolderSpec = 10;
			files = (
			);
			name = "Embed Frameworks";
			runOnlyForDeploymentPostprocessing = 0;
		};
/* End PBXCopyFilesBuildPhase section */

/* Begin PBXFileReference section */
		6F5127182ED810EF00CCE053 /* GiftyWidgetExtension.appex */ = {isa = PBXFileReference; explicitFileType = "wrapper.app-extension"; includeInIndex = 0; path = GiftyWidgetExtension.appex; sourceTree = BUILT_PRODUCTS_DIR; };
		6F5127192ED810EF00CCE053 /* WidgetKit.framework */ = {isa = PBXFileReference; lastKnownFileType = wrapper.framework; name = WidgetKit.framework; path = System/Library/Frameworks/WidgetKit.framework; sourceTree = SDKROOT; };
		6F51271B2ED810EF00CCE053 /* SwiftUI.framework */ = {isa = PBXFileReference; lastKnownFileType = wrapper.framework; name = SwiftUI.framework; path = System/Library/Frameworks/SwiftUI.framework; sourceTree = SDKROOT; };
		6F535D4E2EBE43240056C8D5 /* Config.xcconfig */ = {isa = PBXFileReference; lastKnownFileType = text.xcconfig; path = Config.xcconfig; sourceTree = "<group>"; };
		85BB434B2E83F68E002330D2 /* Gifty.app */ = {isa = PBXFileReference; explicitFileType = wrapper.application; includeInIndex = 0; path = Gifty.app; sourceTree = BUILT_PRODUCTS_DIR; };
/* End PBXFileReference section */

/* Begin PBXFileSystemSynchronizedBuildFileExceptionSet section */
		6F5127322ED810F000CCE053 /* Exceptions for "GiftyWidget" folder in "GiftyWidgetExtension" target */ = {
			isa = PBXFileSystemSynchronizedBuildFileExceptionSet;
			membershipExceptions = (
				Info.plist,
			);
			target = 6F5127172ED810EF00CCE053 /* GiftyWidgetExtension */;
		};
		6FFD12522ED8290B00EB022D /* Exceptions for "Gifty" folder in "GiftyWidgetExtension" target */ = {
			isa = PBXFileSystemSynchronizedBuildFileExceptionSet;
			membershipExceptions = (
				Resources/Assets.xcassets,
				"Sources/DesignSystem/Font/온글잎 박다현체.ttf",
				"Sources/DesignSystem/Font/온글잎 콘콘체.ttf",
				"Sources/DesignSystem/Font/Gumi Romance.ttf",
				Sources/DesignSystem/Font/memomentKkukkkuk.ttf,
			);
			target = 6F5127172ED810EF00CCE053 /* GiftyWidgetExtension */;
		};
		85BB435D2E83F68F002330D2 /* Exceptions for "Gifty" folder in "Gifty" target */ = {
			isa = PBXFileSystemSynchronizedBuildFileExceptionSet;
			membershipExceptions = (
				Info.plist,
			);
			target = 85BB434A2E83F68E002330D2 /* Gifty */;
		};
/* End PBXFileSystemSynchronizedBuildFileExceptionSet section */

/* Begin PBXFileSystemSynchronizedRootGroup section */
		6F51271D2ED810EF00CCE053 /* GiftyWidget */ = {
			isa = PBXFileSystemSynchronizedRootGroup;
			exceptions = (
				6F5127322ED810F000CCE053 /* Exceptions for "GiftyWidget" folder in "GiftyWidgetExtension" target */,
			);
			path = GiftyWidget;
			sourceTree = "<group>";
		};
		85BB434D2E83F68E002330D2 /* Gifty */ = {
			isa = PBXFileSystemSynchronizedRootGroup;
			exceptions = (
				85BB435D2E83F68F002330D2 /* Exceptions for "Gifty" folder in "Gifty" target */,
				6FFD12522ED8290B00EB022D /* Exceptions for "Gifty" folder in "GiftyWidgetExtension" target */,
			);
			path = Gifty;
			sourceTree = "<group>";
		};
/* End PBXFileSystemSynchronizedRootGroup section */

/* Begin PBXFrameworksBuildPhase section */
		6F5127152ED810EF00CCE053 /* Frameworks */ = {
			isa = PBXFrameworksBuildPhase;
			buildActionMask = 2147483647;
			files = (
				6F51271C2ED810EF00CCE053 /* SwiftUI.framework in Frameworks */,
				6F51271A2ED810EF00CCE053 /* WidgetKit.framework in Frameworks */,
			);
			runOnlyForDeploymentPostprocessing = 0;
		};
		85BB43482E83F68E002330D2 /* Frameworks */ = {
			isa = PBXFrameworksBuildPhase;
			buildActionMask = 2147483647;
			files = (
				6F2EF7DD2EABC1B600E43376 /* FirebaseMessaging in Frameworks */,
				6F0B87D32EB08FF000B8EC92 /* KakaoSDKCommon in Frameworks */,
				6F3C6B4A2EEF75B200DDD62F /* RxMoya in Frameworks */,
				6F0B87D12EB08FF000B8EC92 /* KakaoSDK in Frameworks */,
				6F3C6B462EEF75B200DDD62F /* Moya in Frameworks */,
				6F2EF7DB2EABC0E000E43376 /* FirebaseAppCheck in Frameworks */,
				6F3C6B442EEF75B200DDD62F /* CombineMoya in Frameworks */,
				6F7FE39A2EB52AB100AD3D43 /* FirebaseFirestore in Frameworks */,
				6F0B87D52EB08FF000B8EC92 /* KakaoSDKShare in Frameworks */,
				6F24ABCB2EC19E8500F1B5C9 /* RxCocoa in Frameworks */,
				6F2EF7D72EABC0E000E43376 /* FirebaseAnalyticsCore in Frameworks */,
				6F24ABC92EC19E8500F1B5C9 /* RxBlocking in Frameworks */,
				6F0B87D72EB08FF000B8EC92 /* KakaoSDKTalk in Frameworks */,
				6F0B87DB2EB08FF000B8EC92 /* KakaoSDKUser in Frameworks */,
				6F24ABCF2EC19E8500F1B5C9 /* RxSwift in Frameworks */,
				6F2EF7D32EABC0E000E43376 /* FirebaseAI in Frameworks */,
				6F2B28362ECB490B00FB7169 /* GoogleMobileAds in Frameworks */,
				6F0B87D92EB08FF000B8EC92 /* KakaoSDKTemplate in Frameworks */,
				6F7FE39C2EB52AD400AD3D43 /* FirebaseStorage in Frameworks */,
				6F2EF7D92EABC0E000E43376 /* FirebaseAnalyticsIdentitySupport in Frameworks */,
				6F24ABCD2EC19E8500F1B5C9 /* RxRelay in Frameworks */,
				6F3C6B482EEF75B200DDD62F /* ReactiveMoya in Frameworks */,
				852807FC2E899A37009710CC /* Then in Frameworks */,
				6F2EF7D52EABC0E000E43376 /* FirebaseAnalytics in Frameworks */,
				852807FF2E899A45009710CC /* SnapKit in Frameworks */,
			);
			runOnlyForDeploymentPostprocessing = 0;
		};
/* End PBXFrameworksBuildPhase section */

/* Begin PBXGroup section */
		6F535D502EBE43250056C8D5 /* Config */ = {
			isa = PBXGroup;
			children = (
				6F535D4E2EBE43240056C8D5 /* Config.xcconfig */,
			);
			path = Config;
			sourceTree = "<group>";
		};
		6F6ABF672E9DEC8B0023A872 /* Frameworks */ = {
			isa = PBXGroup;
			children = (
				6F5127192ED810EF00CCE053 /* WidgetKit.framework */,
				6F51271B2ED810EF00CCE053 /* SwiftUI.framework */,
			);
			name = Frameworks;
			sourceTree = "<group>";
		};
		85BB43422E83F68E002330D2 = {
			isa = PBXGroup;
			children = (
				85BB434D2E83F68E002330D2 /* Gifty */,
				6F535D502EBE43250056C8D5 /* Config */,
				6F51271D2ED810EF00CCE053 /* GiftyWidget */,
				6F6ABF672E9DEC8B0023A872 /* Frameworks */,
				85BB434C2E83F68E002330D2 /* Products */,
			);
			sourceTree = "<group>";
		};
		85BB434C2E83F68E002330D2 /* Products */ = {
			isa = PBXGroup;
			children = (
				85BB434B2E83F68E002330D2 /* Gifty.app */,
				6F5127182ED810EF00CCE053 /* GiftyWidgetExtension.appex */,
			);
			name = Products;
			sourceTree = "<group>";
		};
/* End PBXGroup section */

/* Begin PBXNativeTarget section */
		6F5127172ED810EF00CCE053 /* GiftyWidgetExtension */ = {
			isa = PBXNativeTarget;
			buildConfigurationList = 6F5127312ED810F000CCE053 /* Build configuration list for PBXNativeTarget "GiftyWidgetExtension" */;
			buildPhases = (
				6F5127142ED810EF00CCE053 /* Sources */,
				6F5127152ED810EF00CCE053 /* Frameworks */,
				6F5127162ED810EF00CCE053 /* Resources */,
				6F5127392ED813BD00CCE053 /* Embed Frameworks */,
			);
			buildRules = (
			);
			dependencies = (
			);
			fileSystemSynchronizedGroups = (
				6F51271D2ED810EF00CCE053 /* GiftyWidget */,
			);
			name = GiftyWidgetExtension;
			packageProductDependencies = (
			);
			productName = GiftyWidgetExtension;
			productReference = 6F5127182ED810EF00CCE053 /* GiftyWidgetExtension.appex */;
			productType = "com.apple.product-type.app-extension";
		};
		85BB434A2E83F68E002330D2 /* Gifty */ = {
			isa = PBXNativeTarget;
			buildConfigurationList = 85BB435E2E83F68F002330D2 /* Build configuration list for PBXNativeTarget "Gifty" */;
			buildPhases = (
				85BB43472E83F68E002330D2 /* Sources */,
				85BB43482E83F68E002330D2 /* Frameworks */,
				85BB43492E83F68E002330D2 /* Resources */,
				6F8507E82E9FA963006DA65B /* Embed Frameworks */,
				6F51272E2ED810F000CCE053 /* Embed Foundation Extensions */,
			);
			buildRules = (
			);
			dependencies = (
				6F51272C2ED810F000CCE053 /* PBXTargetDependency */,
			);
			fileSystemSynchronizedGroups = (
				85BB434D2E83F68E002330D2 /* Gifty */,
			);
			name = Gifty;
			packageProductDependencies = (
				852807FB2E899A37009710CC /* Then */,
				852807FE2E899A45009710CC /* SnapKit */,
				6F2EF7D22EABC0E000E43376 /* FirebaseAI */,
				6F2EF7D42EABC0E000E43376 /* FirebaseAnalytics */,
				6F2EF7D62EABC0E000E43376 /* FirebaseAnalyticsCore */,
				6F2EF7D82EABC0E000E43376 /* FirebaseAnalyticsIdentitySupport */,
				6F2EF7DA2EABC0E000E43376 /* FirebaseAppCheck */,
				6F2EF7DC2EABC1B600E43376 /* FirebaseMessaging */,
				6F0B87D02EB08FF000B8EC92 /* KakaoSDK */,
				6F0B87D22EB08FF000B8EC92 /* KakaoSDKCommon */,
				6F0B87D42EB08FF000B8EC92 /* KakaoSDKShare */,
				6F0B87D62EB08FF000B8EC92 /* KakaoSDKTalk */,
				6F0B87D82EB08FF000B8EC92 /* KakaoSDKTemplate */,
				6F0B87DA2EB08FF000B8EC92 /* KakaoSDKUser */,
				6F7FE3992EB52AB100AD3D43 /* FirebaseFirestore */,
				6F7FE39B2EB52AD400AD3D43 /* FirebaseStorage */,
				6F24ABC82EC19E8500F1B5C9 /* RxBlocking */,
				6F24ABCA2EC19E8500F1B5C9 /* RxCocoa */,
				6F24ABCC2EC19E8500F1B5C9 /* RxRelay */,
				6F24ABCE2EC19E8500F1B5C9 /* RxSwift */,
				6F2B28352ECB490B00FB7169 /* GoogleMobileAds */,
				6F3C6B432EEF75B200DDD62F /* CombineMoya */,
				6F3C6B452EEF75B200DDD62F /* Moya */,
				6F3C6B472EEF75B200DDD62F /* ReactiveMoya */,
				6F3C6B492EEF75B200DDD62F /* RxMoya */,
			);
			productName = Gifty_iOS;
			productReference = 85BB434B2E83F68E002330D2 /* Gifty.app */;
			productType = "com.apple.product-type.application";
		};
/* End PBXNativeTarget section */

/* Begin PBXProject section */
		85BB43432E83F68E002330D2 /* Project object */ = {
			isa = PBXProject;
			attributes = {
				BuildIndependentTargetsInParallel = 1;
				LastSwiftUpdateCheck = 2610;
				LastUpgradeCheck = 2600;
				TargetAttributes = {
					6F5127172ED810EF00CCE053 = {
						CreatedOnToolsVersion = 26.1.1;
					};
					85BB434A2E83F68E002330D2 = {
						CreatedOnToolsVersion = 26.0;
					};
				};
			};
			buildConfigurationList = 85BB43462E83F68E002330D2 /* Build configuration list for PBXProject "Gifty" */;
			developmentRegion = en;
			hasScannedForEncodings = 0;
			knownRegions = (
				en,
				Base,
			);
			mainGroup = 85BB43422E83F68E002330D2;
			minimizedProjectReferenceProxies = 1;
			packageReferences = (
				852807FA2E899A37009710CC /* XCRemoteSwiftPackageReference "Then" */,
				852807FD2E899A45009710CC /* XCRemoteSwiftPackageReference "SnapKit" */,
				6F2EF7D12EABC0E000E43376 /* XCRemoteSwiftPackageReference "firebase-ios-sdk" */,
				6F0B87CF2EB08FEF00B8EC92 /* XCRemoteSwiftPackageReference "kakao-ios-sdk" */,
				6F24ABC72EC19E8500F1B5C9 /* XCRemoteSwiftPackageReference "RxSwift" */,
				6F2B28342ECB490B00FB7169 /* XCRemoteSwiftPackageReference "swift-package-manager-google-mobile-ads" */,
				6F3C6B422EEF75B200DDD62F /* XCRemoteSwiftPackageReference "Moya" */,
			);
			preferredProjectObjectVersion = 77;
			productRefGroup = 85BB434C2E83F68E002330D2 /* Products */;
			projectDirPath = "";
			projectRoot = "";
			targets = (
				85BB434A2E83F68E002330D2 /* Gifty */,
				6F5127172ED810EF00CCE053 /* GiftyWidgetExtension */,
			);
		};
/* End PBXProject section */

/* Begin PBXResourcesBuildPhase section */
		6F5127162ED810EF00CCE053 /* Resources */ = {
			isa = PBXResourcesBuildPhase;
			buildActionMask = 2147483647;
			files = (
			);
			runOnlyForDeploymentPostprocessing = 0;
		};
		85BB43492E83F68E002330D2 /* Resources */ = {
			isa = PBXResourcesBuildPhase;
			buildActionMask = 2147483647;
			files = (
			);
			runOnlyForDeploymentPostprocessing = 0;
		};
/* End PBXResourcesBuildPhase section */

/* Begin PBXSourcesBuildPhase section */
		6F5127142ED810EF00CCE053 /* Sources */ = {
			isa = PBXSourcesBuildPhase;
			buildActionMask = 2147483647;
			files = (
			);
			runOnlyForDeploymentPostprocessing = 0;
		};
		85BB43472E83F68E002330D2 /* Sources */ = {
			isa = PBXSourcesBuildPhase;
			buildActionMask = 2147483647;
			files = (
			);
			runOnlyForDeploymentPostprocessing = 0;
		};
/* End PBXSourcesBuildPhase section */

/* Begin PBXTargetDependency section */
		6F51272C2ED810F000CCE053 /* PBXTargetDependency */ = {
			isa = PBXTargetDependency;
			target = 6F5127172ED810EF00CCE053 /* GiftyWidgetExtension */;
			targetProxy = 6F51272B2ED810F000CCE053 /* PBXContainerItemProxy */;
		};
/* End PBXTargetDependency section */

/* Begin XCBuildConfiguration section */
		6F3F9E8A2EDE6F2900B516B2 /* Stage */ = {
			isa = XCBuildConfiguration;
			buildSettings = {
				ALWAYS_EMBED_SWIFT_STANDARD_LIBRARIES = YES;
				ALWAYS_SEARCH_USER_PATHS = NO;
				ASSETCATALOG_COMPILER_GENERATE_SWIFT_ASSET_SYMBOL_EXTENSIONS = YES;
				CLANG_ANALYZER_NONNULL = YES;
				CLANG_ANALYZER_NUMBER_OBJECT_CONVERSION = YES_AGGRESSIVE;
				CLANG_CXX_LANGUAGE_STANDARD = "gnu++20";
				CLANG_ENABLE_MODULES = YES;
				CLANG_ENABLE_OBJC_ARC = YES;
				CLANG_ENABLE_OBJC_WEAK = YES;
				CLANG_WARN_BLOCK_CAPTURE_AUTORELEASING = YES;
				CLANG_WARN_BOOL_CONVERSION = YES;
				CLANG_WARN_COMMA = YES;
				CLANG_WARN_CONSTANT_CONVERSION = YES;
				CLANG_WARN_DEPRECATED_OBJC_IMPLEMENTATIONS = YES;
				CLANG_WARN_DIRECT_OBJC_ISA_USAGE = YES_ERROR;
				CLANG_WARN_DOCUMENTATION_COMMENTS = YES;
				CLANG_WARN_EMPTY_BODY = YES;
				CLANG_WARN_ENUM_CONVERSION = YES;
				CLANG_WARN_INFINITE_RECURSION = YES;
				CLANG_WARN_INT_CONVERSION = YES;
				CLANG_WARN_NON_LITERAL_NULL_CONVERSION = YES;
				CLANG_WARN_OBJC_IMPLICIT_RETAIN_SELF = YES;
				CLANG_WARN_OBJC_LITERAL_CONVERSION = YES;
				CLANG_WARN_OBJC_ROOT_CLASS = YES_ERROR;
				CLANG_WARN_QUOTED_INCLUDE_IN_FRAMEWORK_HEADER = YES;
				CLANG_WARN_RANGE_LOOP_ANALYSIS = YES;
				CLANG_WARN_STRICT_PROTOTYPES = YES;
				CLANG_WARN_SUSPICIOUS_MOVE = YES;
				CLANG_WARN_UNGUARDED_AVAILABILITY = YES_AGGRESSIVE;
				CLANG_WARN_UNREACHABLE_CODE = YES;
				CLANG_WARN__DUPLICATE_METHOD_MATCH = YES;
				COPY_PHASE_STRIP = NO;
				DEBUG_INFORMATION_FORMAT = "dwarf-with-dsym";
				DEVELOPMENT_TEAM = GP2ML5Q5AN;
				ENABLE_NS_ASSERTIONS = NO;
				ENABLE_STRICT_OBJC_MSGSEND = YES;
				ENABLE_USER_SCRIPT_SANDBOXING = YES;
				GCC_C_LANGUAGE_STANDARD = gnu17;
				GCC_NO_COMMON_BLOCKS = YES;
				GCC_WARN_64_TO_32_BIT_CONVERSION = YES;
				GCC_WARN_ABOUT_RETURN_TYPE = YES_ERROR;
				GCC_WARN_UNDECLARED_SELECTOR = YES;
				GCC_WARN_UNINITIALIZED_AUTOS = YES_AGGRESSIVE;
				GCC_WARN_UNUSED_FUNCTION = YES;
				GCC_WARN_UNUSED_VARIABLE = YES;
				IPHONEOS_DEPLOYMENT_TARGET = 26.0;
				LOCALIZATION_PREFERS_STRING_CATALOGS = YES;
				MTL_ENABLE_DEBUG_INFO = NO;
				MTL_FAST_MATH = YES;
				SDKROOT = iphoneos;
				SWIFT_COMPILATION_MODE = wholemodule;
				VALIDATE_PRODUCT = YES;
			};
			name = Stage;
		};
		6F3F9E8B2EDE6F2900B516B2 /* Stage */ = {
			isa = XCBuildConfiguration;
			baseConfigurationReference = 6F535D4E2EBE43240056C8D5 /* Config.xcconfig */;
			buildSettings = {
				ASSETCATALOG_COMPILER_APPICON_NAME = AppIcon;
				ASSETCATALOG_COMPILER_GLOBAL_ACCENT_COLOR_NAME = AccentColor;
				CODE_SIGN_ENTITLEMENTS = Gifty/GiftyRelease.entitlements;
				CODE_SIGN_STYLE = Automatic;
				CURRENT_PROJECT_VERSION = 5;
				DEVELOPMENT_TEAM = 4WFV8NBUPB;
				GENERATE_INFOPLIST_FILE = YES;
				INFOPLIST_FILE = Gifty/Info.plist;
				INFOPLIST_KEY_UIApplicationSupportsIndirectInputEvents = YES;
				INFOPLIST_KEY_UILaunchStoryboardName = LaunchScreen;
				INFOPLIST_KEY_UISupportedInterfaceOrientations_iPad = "UIInterfaceOrientationPortrait UIInterfaceOrientationPortraitUpsideDown UIInterfaceOrientationLandscapeLeft UIInterfaceOrientationLandscapeRight";
				INFOPLIST_KEY_UISupportedInterfaceOrientations_iPhone = "UIInterfaceOrientationPortrait UIInterfaceOrientationLandscapeLeft UIInterfaceOrientationLandscapeRight";
				LD_RUNPATH_SEARCH_PATHS = (
					"$(inherited)",
					"\" @loader_path/Frameworks\"",
					"@executable_path/Frameworks",
				);
				MARKETING_VERSION = 1.4;
				PRODUCT_BUNDLE_IDENTIFIER = com.ahyeonlee.gifty.app;
				PRODUCT_NAME = "$(TARGET_NAME)";
				STRING_CATALOG_GENERATE_SYMBOLS = YES;
				SUPPORTED_PLATFORMS = "iphoneos iphonesimulator";
				SUPPORTS_MACCATALYST = NO;
				SUPPORTS_XR_DESIGNED_FOR_IPHONE_IPAD = NO;
				SWIFT_APPROACHABLE_CONCURRENCY = YES;
				SWIFT_DEFAULT_ACTOR_ISOLATION = MainActor;
				SWIFT_EMIT_LOC_STRINGS = YES;
				SWIFT_UPCOMING_FEATURE_MEMBER_IMPORT_VISIBILITY = YES;
				SWIFT_VERSION = 5.0;
				TARGETED_DEVICE_FAMILY = 1;
			};
			name = Stage;
		};
		6F3F9E8C2EDE6F2900B516B2 /* Stage */ = {
			isa = XCBuildConfiguration;
			buildSettings = {
				ASSETCATALOG_COMPILER_GLOBAL_ACCENT_COLOR_NAME = AccentColor;
				ASSETCATALOG_COMPILER_WIDGET_BACKGROUND_COLOR_NAME = WidgetBackground;
				CODE_SIGN_ENTITLEMENTS = Gifty/GiftyWidgetExtensionRelease.entitlements;
				CODE_SIGN_STYLE = Automatic;
				CURRENT_PROJECT_VERSION = 1;
				DEVELOPMENT_TEAM = 4WFV8NBUPB;
				GENERATE_INFOPLIST_FILE = YES;
				INFOPLIST_FILE = GiftyWidget/Info.plist;
				INFOPLIST_KEY_CFBundleDisplayName = GiftyWidget;
				INFOPLIST_KEY_NSHumanReadableCopyright = "";
				IPHONEOS_DEPLOYMENT_TARGET = 26.1;
				LD_RUNPATH_SEARCH_PATHS = (
					"$(inherited)",
					"@executable_path/Frameworks",
					"@executable_path/../../Frameworks",
				);
				MARKETING_VERSION = 1.0;
				PRODUCT_BUNDLE_IDENTIFIER = com.ahyeonlee.gifty.app.GiftyWidget;
				PRODUCT_NAME = "$(TARGET_NAME)";
				SKIP_INSTALL = YES;
				STRING_CATALOG_GENERATE_SYMBOLS = YES;
				SWIFT_APPROACHABLE_CONCURRENCY = YES;
				SWIFT_EMIT_LOC_STRINGS = YES;
				SWIFT_UPCOMING_FEATURE_MEMBER_IMPORT_VISIBILITY = YES;
				SWIFT_VERSION = 5.0;
				TARGETED_DEVICE_FAMILY = "1,2";
			};
			name = Stage;
		};
		6F51272F2ED810F000CCE053 /* Debug */ = {
			isa = XCBuildConfiguration;
			buildSettings = {
				ASSETCATALOG_COMPILER_GLOBAL_ACCENT_COLOR_NAME = AccentColor;
				ASSETCATALOG_COMPILER_WIDGET_BACKGROUND_COLOR_NAME = WidgetBackground;
				CODE_SIGN_ENTITLEMENTS = GiftyWidgetExtension.entitlements;
				CODE_SIGN_STYLE = Automatic;
				CURRENT_PROJECT_VERSION = 1;
				DEVELOPMENT_TEAM = 4WFV8NBUPB;
				GENERATE_INFOPLIST_FILE = YES;
				INFOPLIST_FILE = GiftyWidget/Info.plist;
				INFOPLIST_KEY_CFBundleDisplayName = GiftyWidget;
				INFOPLIST_KEY_NSHumanReadableCopyright = "";
				IPHONEOS_DEPLOYMENT_TARGET = 26.1;
				LD_RUNPATH_SEARCH_PATHS = (
					"$(inherited)",
					"@executable_path/Frameworks",
					"@executable_path/../../Frameworks",
				);
				MARKETING_VERSION = 1.0;
				PRODUCT_BUNDLE_IDENTIFIER = com.ahyeonlee.gifty.app.GiftyWidget;
				PRODUCT_NAME = "$(TARGET_NAME)";
				SKIP_INSTALL = YES;
				STRING_CATALOG_GENERATE_SYMBOLS = YES;
				SWIFT_APPROACHABLE_CONCURRENCY = YES;
				SWIFT_EMIT_LOC_STRINGS = YES;
				SWIFT_UPCOMING_FEATURE_MEMBER_IMPORT_VISIBILITY = YES;
				SWIFT_VERSION = 5.0;
				TARGETED_DEVICE_FAMILY = "1,2";
			};
			name = Debug;
		};
		6F5127302ED810F000CCE053 /* Release */ = {
			isa = XCBuildConfiguration;
			buildSettings = {
				ASSETCATALOG_COMPILER_GLOBAL_ACCENT_COLOR_NAME = AccentColor;
				ASSETCATALOG_COMPILER_WIDGET_BACKGROUND_COLOR_NAME = WidgetBackground;
				CODE_SIGN_ENTITLEMENTS = Gifty/GiftyWidgetExtensionRelease.entitlements;
				CODE_SIGN_STYLE = Automatic;
				CURRENT_PROJECT_VERSION = 1;
				DEVELOPMENT_TEAM = 4WFV8NBUPB;
				GENERATE_INFOPLIST_FILE = YES;
				INFOPLIST_FILE = GiftyWidget/Info.plist;
				INFOPLIST_KEY_CFBundleDisplayName = GiftyWidget;
				INFOPLIST_KEY_NSHumanReadableCopyright = "";
				IPHONEOS_DEPLOYMENT_TARGET = 26.1;
				LD_RUNPATH_SEARCH_PATHS = (
					"$(inherited)",
					"@executable_path/Frameworks",
					"@executable_path/../../Frameworks",
				);
				MARKETING_VERSION = 1.0;
				PRODUCT_BUNDLE_IDENTIFIER = com.ahyeonlee.gifty.app.GiftyWidget;
				PRODUCT_NAME = "$(TARGET_NAME)";
				SKIP_INSTALL = YES;
				STRING_CATALOG_GENERATE_SYMBOLS = YES;
				SWIFT_APPROACHABLE_CONCURRENCY = YES;
				SWIFT_EMIT_LOC_STRINGS = YES;
				SWIFT_UPCOMING_FEATURE_MEMBER_IMPORT_VISIBILITY = YES;
				SWIFT_VERSION = 5.0;
				TARGETED_DEVICE_FAMILY = "1,2";
			};
			name = Release;
		};
		85BB435F2E83F68F002330D2 /* Debug */ = {
			isa = XCBuildConfiguration;
			baseConfigurationReference = 6F535D4E2EBE43240056C8D5 /* Config.xcconfig */;
			buildSettings = {
				ASSETCATALOG_COMPILER_APPICON_NAME = AppIcon;
				ASSETCATALOG_COMPILER_GLOBAL_ACCENT_COLOR_NAME = AccentColor;
				CODE_SIGN_ENTITLEMENTS = Gifty/Gifty.entitlements;
				CODE_SIGN_STYLE = Automatic;
				CURRENT_PROJECT_VERSION = 5;
				DEVELOPMENT_TEAM = 4WFV8NBUPB;
				GENERATE_INFOPLIST_FILE = YES;
				INFOPLIST_FILE = Gifty/Info.plist;
				INFOPLIST_KEY_UIApplicationSupportsIndirectInputEvents = YES;
				INFOPLIST_KEY_UILaunchStoryboardName = LaunchScreen;
				INFOPLIST_KEY_UISupportedInterfaceOrientations_iPad = "UIInterfaceOrientationPortrait UIInterfaceOrientationPortraitUpsideDown UIInterfaceOrientationLandscapeLeft UIInterfaceOrientationLandscapeRight";
				INFOPLIST_KEY_UISupportedInterfaceOrientations_iPhone = "UIInterfaceOrientationPortrait UIInterfaceOrientationLandscapeLeft UIInterfaceOrientationLandscapeRight";
				LD_RUNPATH_SEARCH_PATHS = (
					"$(inherited)",
					"\" @loader_path/Frameworks\"",
					"@executable_path/Frameworks",
				);
				MARKETING_VERSION = 1.4;
				PRODUCT_BUNDLE_IDENTIFIER = com.ahyeonlee.gifty.app;
				PRODUCT_NAME = "$(TARGET_NAME)";
				STRING_CATALOG_GENERATE_SYMBOLS = YES;
				SUPPORTED_PLATFORMS = "iphoneos iphonesimulator";
				SUPPORTS_MACCATALYST = NO;
				SUPPORTS_XR_DESIGNED_FOR_IPHONE_IPAD = NO;
				SWIFT_APPROACHABLE_CONCURRENCY = YES;
				SWIFT_DEFAULT_ACTOR_ISOLATION = MainActor;
				SWIFT_EMIT_LOC_STRINGS = YES;
				SWIFT_UPCOMING_FEATURE_MEMBER_IMPORT_VISIBILITY = YES;
				SWIFT_VERSION = 5.0;
				TARGETED_DEVICE_FAMILY = 1;
			};
			name = Debug;
		};
		85BB43602E83F68F002330D2 /* Release */ = {
			isa = XCBuildConfiguration;
			baseConfigurationReference = 6F535D4E2EBE43240056C8D5 /* Config.xcconfig */;
			buildSettings = {
				ASSETCATALOG_COMPILER_APPICON_NAME = AppIcon;
				ASSETCATALOG_COMPILER_GLOBAL_ACCENT_COLOR_NAME = AccentColor;
				CODE_SIGN_ENTITLEMENTS = Gifty/GiftyRelease.entitlements;
				CODE_SIGN_STYLE = Automatic;
				CURRENT_PROJECT_VERSION = 5;
				DEVELOPMENT_TEAM = 4WFV8NBUPB;
				GENERATE_INFOPLIST_FILE = YES;
				INFOPLIST_FILE = Gifty/Info.plist;
				INFOPLIST_KEY_UIApplicationSupportsIndirectInputEvents = YES;
				INFOPLIST_KEY_UILaunchStoryboardName = LaunchScreen;
				INFOPLIST_KEY_UISupportedInterfaceOrientations_iPad = "UIInterfaceOrientationPortrait UIInterfaceOrientationPortraitUpsideDown UIInterfaceOrientationLandscapeLeft UIInterfaceOrientationLandscapeRight";
				INFOPLIST_KEY_UISupportedInterfaceOrientations_iPhone = "UIInterfaceOrientationPortrait UIInterfaceOrientationLandscapeLeft UIInterfaceOrientationLandscapeRight";
				LD_RUNPATH_SEARCH_PATHS = (
					"$(inherited)",
					"\" @loader_path/Frameworks\"",
					"@executable_path/Frameworks",
				);
				MARKETING_VERSION = 1.4;
				PRODUCT_BUNDLE_IDENTIFIER = com.ahyeonlee.gifty.app;
				PRODUCT_NAME = "$(TARGET_NAME)";
				STRING_CATALOG_GENERATE_SYMBOLS = YES;
				SUPPORTED_PLATFORMS = "iphoneos iphonesimulator";
				SUPPORTS_MACCATALYST = NO;
				SUPPORTS_XR_DESIGNED_FOR_IPHONE_IPAD = NO;
				SWIFT_APPROACHABLE_CONCURRENCY = YES;
				SWIFT_DEFAULT_ACTOR_ISOLATION = MainActor;
				SWIFT_EMIT_LOC_STRINGS = YES;
				SWIFT_UPCOMING_FEATURE_MEMBER_IMPORT_VISIBILITY = YES;
				SWIFT_VERSION = 5.0;
				TARGETED_DEVICE_FAMILY = 1;
			};
			name = Release;
		};
		85BB43612E83F68F002330D2 /* Debug */ = {
			isa = XCBuildConfiguration;
			buildSettings = {
				ALWAYS_EMBED_SWIFT_STANDARD_LIBRARIES = YES;
				ALWAYS_SEARCH_USER_PATHS = NO;
				ASSETCATALOG_COMPILER_GENERATE_SWIFT_ASSET_SYMBOL_EXTENSIONS = YES;
				CLANG_ANALYZER_NONNULL = YES;
				CLANG_ANALYZER_NUMBER_OBJECT_CONVERSION = YES_AGGRESSIVE;
				CLANG_CXX_LANGUAGE_STANDARD = "gnu++20";
				CLANG_ENABLE_MODULES = YES;
				CLANG_ENABLE_OBJC_ARC = YES;
				CLANG_ENABLE_OBJC_WEAK = YES;
				CLANG_WARN_BLOCK_CAPTURE_AUTORELEASING = YES;
				CLANG_WARN_BOOL_CONVERSION = YES;
				CLANG_WARN_COMMA = YES;
				CLANG_WARN_CONSTANT_CONVERSION = YES;
				CLANG_WARN_DEPRECATED_OBJC_IMPLEMENTATIONS = YES;
				CLANG_WARN_DIRECT_OBJC_ISA_USAGE = YES_ERROR;
				CLANG_WARN_DOCUMENTATION_COMMENTS = YES;
				CLANG_WARN_EMPTY_BODY = YES;
				CLANG_WARN_ENUM_CONVERSION = YES;
				CLANG_WARN_INFINITE_RECURSION = YES;
				CLANG_WARN_INT_CONVERSION = YES;
				CLANG_WARN_NON_LITERAL_NULL_CONVERSION = YES;
				CLANG_WARN_OBJC_IMPLICIT_RETAIN_SELF = YES;
				CLANG_WARN_OBJC_LITERAL_CONVERSION = YES;
				CLANG_WARN_OBJC_ROOT_CLASS = YES_ERROR;
				CLANG_WARN_QUOTED_INCLUDE_IN_FRAMEWORK_HEADER = YES;
				CLANG_WARN_RANGE_LOOP_ANALYSIS = YES;
				CLANG_WARN_STRICT_PROTOTYPES = YES;
				CLANG_WARN_SUSPICIOUS_MOVE = YES;
				CLANG_WARN_UNGUARDED_AVAILABILITY = YES_AGGRESSIVE;
				CLANG_WARN_UNREACHABLE_CODE = YES;
				CLANG_WARN__DUPLICATE_METHOD_MATCH = YES;
				COPY_PHASE_STRIP = NO;
				DEBUG_INFORMATION_FORMAT = dwarf;
				DEVELOPMENT_TEAM = GP2ML5Q5AN;
				ENABLE_STRICT_OBJC_MSGSEND = YES;
				ENABLE_TESTABILITY = YES;
				ENABLE_USER_SCRIPT_SANDBOXING = YES;
				GCC_C_LANGUAGE_STANDARD = gnu17;
				GCC_DYNAMIC_NO_PIC = NO;
				GCC_NO_COMMON_BLOCKS = YES;
				GCC_OPTIMIZATION_LEVEL = 0;
				GCC_PREPROCESSOR_DEFINITIONS = (
					"DEBUG=1",
					"$(inherited)",
				);
				GCC_WARN_64_TO_32_BIT_CONVERSION = YES;
				GCC_WARN_ABOUT_RETURN_TYPE = YES_ERROR;
				GCC_WARN_UNDECLARED_SELECTOR = YES;
				GCC_WARN_UNINITIALIZED_AUTOS = YES_AGGRESSIVE;
				GCC_WARN_UNUSED_FUNCTION = YES;
				GCC_WARN_UNUSED_VARIABLE = YES;
				IPHONEOS_DEPLOYMENT_TARGET = 26.0;
				LOCALIZATION_PREFERS_STRING_CATALOGS = YES;
				MTL_ENABLE_DEBUG_INFO = INCLUDE_SOURCE;
				MTL_FAST_MATH = YES;
				ONLY_ACTIVE_ARCH = YES;
				SDKROOT = iphoneos;
				SWIFT_ACTIVE_COMPILATION_CONDITIONS = "DEBUG $(inherited)";
				SWIFT_OPTIMIZATION_LEVEL = "-Onone";
			};
			name = Debug;
		};
		85BB43622E83F68F002330D2 /* Release */ = {
			isa = XCBuildConfiguration;
			buildSettings = {
				ALWAYS_EMBED_SWIFT_STANDARD_LIBRARIES = YES;
				ALWAYS_SEARCH_USER_PATHS = NO;
				ASSETCATALOG_COMPILER_GENERATE_SWIFT_ASSET_SYMBOL_EXTENSIONS = YES;
				CLANG_ANALYZER_NONNULL = YES;
				CLANG_ANALYZER_NUMBER_OBJECT_CONVERSION = YES_AGGRESSIVE;
				CLANG_CXX_LANGUAGE_STANDARD = "gnu++20";
				CLANG_ENABLE_MODULES = YES;
				CLANG_ENABLE_OBJC_ARC = YES;
				CLANG_ENABLE_OBJC_WEAK = YES;
				CLANG_WARN_BLOCK_CAPTURE_AUTORELEASING = YES;
				CLANG_WARN_BOOL_CONVERSION = YES;
				CLANG_WARN_COMMA = YES;
				CLANG_WARN_CONSTANT_CONVERSION = YES;
				CLANG_WARN_DEPRECATED_OBJC_IMPLEMENTATIONS = YES;
				CLANG_WARN_DIRECT_OBJC_ISA_USAGE = YES_ERROR;
				CLANG_WARN_DOCUMENTATION_COMMENTS = YES;
				CLANG_WARN_EMPTY_BODY = YES;
				CLANG_WARN_ENUM_CONVERSION = YES;
				CLANG_WARN_INFINITE_RECURSION = YES;
				CLANG_WARN_INT_CONVERSION = YES;
				CLANG_WARN_NON_LITERAL_NULL_CONVERSION = YES;
				CLANG_WARN_OBJC_IMPLICIT_RETAIN_SELF = YES;
				CLANG_WARN_OBJC_LITERAL_CONVERSION = YES;
				CLANG_WARN_OBJC_ROOT_CLASS = YES_ERROR;
				CLANG_WARN_QUOTED_INCLUDE_IN_FRAMEWORK_HEADER = YES;
				CLANG_WARN_RANGE_LOOP_ANALYSIS = YES;
				CLANG_WARN_STRICT_PROTOTYPES = YES;
				CLANG_WARN_SUSPICIOUS_MOVE = YES;
				CLANG_WARN_UNGUARDED_AVAILABILITY = YES_AGGRESSIVE;
				CLANG_WARN_UNREACHABLE_CODE = YES;
				CLANG_WARN__DUPLICATE_METHOD_MATCH = YES;
				COPY_PHASE_STRIP = NO;
				DEBUG_INFORMATION_FORMAT = "dwarf-with-dsym";
				DEVELOPMENT_TEAM = GP2ML5Q5AN;
				ENABLE_NS_ASSERTIONS = NO;
				ENABLE_STRICT_OBJC_MSGSEND = YES;
				ENABLE_USER_SCRIPT_SANDBOXING = YES;
				GCC_C_LANGUAGE_STANDARD = gnu17;
				GCC_NO_COMMON_BLOCKS = YES;
				GCC_WARN_64_TO_32_BIT_CONVERSION = YES;
				GCC_WARN_ABOUT_RETURN_TYPE = YES_ERROR;
				GCC_WARN_UNDECLARED_SELECTOR = YES;
				GCC_WARN_UNINITIALIZED_AUTOS = YES_AGGRESSIVE;
				GCC_WARN_UNUSED_FUNCTION = YES;
				GCC_WARN_UNUSED_VARIABLE = YES;
				IPHONEOS_DEPLOYMENT_TARGET = 26.0;
				LOCALIZATION_PREFERS_STRING_CATALOGS = YES;
				MTL_ENABLE_DEBUG_INFO = NO;
				MTL_FAST_MATH = YES;
				SDKROOT = iphoneos;
				SWIFT_COMPILATION_MODE = wholemodule;
				VALIDATE_PRODUCT = YES;
			};
			name = Release;
		};
/* End XCBuildConfiguration section */

/* Begin XCConfigurationList section */
		6F5127312ED810F000CCE053 /* Build configuration list for PBXNativeTarget "GiftyWidgetExtension" */ = {
			isa = XCConfigurationList;
			buildConfigurations = (
				6F51272F2ED810F000CCE053 /* Debug */,
				6F5127302ED810F000CCE053 /* Release */,
				6F3F9E8C2EDE6F2900B516B2 /* Stage */,
			);
			defaultConfigurationIsVisible = 0;
			defaultConfigurationName = Release;
		};
		85BB43462E83F68E002330D2 /* Build configuration list for PBXProject "Gifty" */ = {
			isa = XCConfigurationList;
			buildConfigurations = (
				85BB43612E83F68F002330D2 /* Debug */,
				85BB43622E83F68F002330D2 /* Release */,
				6F3F9E8A2EDE6F2900B516B2 /* Stage */,
			);
			defaultConfigurationIsVisible = 0;
			defaultConfigurationName = Release;
		};
		85BB435E2E83F68F002330D2 /* Build configuration list for PBXNativeTarget "Gifty" */ = {
			isa = XCConfigurationList;
			buildConfigurations = (
				85BB435F2E83F68F002330D2 /* Debug */,
				85BB43602E83F68F002330D2 /* Release */,
				6F3F9E8B2EDE6F2900B516B2 /* Stage */,
			);
			defaultConfigurationIsVisible = 0;
			defaultConfigurationName = Release;
		};
/* End XCConfigurationList section */

/* Begin XCRemoteSwiftPackageReference section */
		6F0B87CF2EB08FEF00B8EC92 /* XCRemoteSwiftPackageReference "kakao-ios-sdk" */ = {
			isa = XCRemoteSwiftPackageReference;
			repositoryURL = "https://github.com/kakao/kakao-ios-sdk";
			requirement = {
				kind = upToNextMajorVersion;
				minimumVersion = 2.25.0;
			};
		};
		6F24ABC72EC19E8500F1B5C9 /* XCRemoteSwiftPackageReference "RxSwift" */ = {
			isa = XCRemoteSwiftPackageReference;
			repositoryURL = "https://github.com/ReactiveX/RxSwift.git";
			requirement = {
				kind = upToNextMajorVersion;
				minimumVersion = 6.9.1;
			};
		};
		6F2B28342ECB490B00FB7169 /* XCRemoteSwiftPackageReference "swift-package-manager-google-mobile-ads" */ = {
			isa = XCRemoteSwiftPackageReference;
			repositoryURL = "https://github.com/googleads/swift-package-manager-google-mobile-ads.git";
			requirement = {
				kind = upToNextMajorVersion;
				minimumVersion = 12.13.0;
			};
		};
		6F2EF7D12EABC0E000E43376 /* XCRemoteSwiftPackageReference "firebase-ios-sdk" */ = {
			isa = XCRemoteSwiftPackageReference;
			repositoryURL = "https://github.com/firebase/firebase-ios-sdk";
			requirement = {
				kind = upToNextMajorVersion;
				minimumVersion = 12.4.0;
			};
		};
		6F3C6B422EEF75B200DDD62F /* XCRemoteSwiftPackageReference "Moya" */ = {
			isa = XCRemoteSwiftPackageReference;
			repositoryURL = "https://github.com/Moya/Moya";
			requirement = {
				kind = upToNextMajorVersion;
				minimumVersion = 15.0.3;
			};
		};
		852807FA2E899A37009710CC /* XCRemoteSwiftPackageReference "Then" */ = {
			isa = XCRemoteSwiftPackageReference;
			repositoryURL = "https://github.com/devxoul/Then.git";
			requirement = {
				kind = exactVersion;
				version = 3.0.0;
			};
		};
		852807FD2E899A45009710CC /* XCRemoteSwiftPackageReference "SnapKit" */ = {
			isa = XCRemoteSwiftPackageReference;
			repositoryURL = "https://github.com/SnapKit/SnapKit.git";
			requirement = {
				kind = upToNextMajorVersion;
				minimumVersion = 5.7.1;
			};
		};
/* End XCRemoteSwiftPackageReference section */

/* Begin XCSwiftPackageProductDependency section */
		6F0B87D02EB08FF000B8EC92 /* KakaoSDK */ = {
			isa = XCSwiftPackageProductDependency;
			package = 6F0B87CF2EB08FEF00B8EC92 /* XCRemoteSwiftPackageReference "kakao-ios-sdk" */;
			productName = KakaoSDK;
		};
		6F0B87D22EB08FF000B8EC92 /* KakaoSDKCommon */ = {
			isa = XCSwiftPackageProductDependency;
			package = 6F0B87CF2EB08FEF00B8EC92 /* XCRemoteSwiftPackageReference "kakao-ios-sdk" */;
			productName = KakaoSDKCommon;
		};
		6F0B87D42EB08FF000B8EC92 /* KakaoSDKShare */ = {
			isa = XCSwiftPackageProductDependency;
			package = 6F0B87CF2EB08FEF00B8EC92 /* XCRemoteSwiftPackageReference "kakao-ios-sdk" */;
			productName = KakaoSDKShare;
		};
		6F0B87D62EB08FF000B8EC92 /* KakaoSDKTalk */ = {
			isa = XCSwiftPackageProductDependency;
			package = 6F0B87CF2EB08FEF00B8EC92 /* XCRemoteSwiftPackageReference "kakao-ios-sdk" */;
			productName = KakaoSDKTalk;
		};
		6F0B87D82EB08FF000B8EC92 /* KakaoSDKTemplate */ = {
			isa = XCSwiftPackageProductDependency;
			package = 6F0B87CF2EB08FEF00B8EC92 /* XCRemoteSwiftPackageReference "kakao-ios-sdk" */;
			productName = KakaoSDKTemplate;
		};
		6F0B87DA2EB08FF000B8EC92 /* KakaoSDKUser */ = {
			isa = XCSwiftPackageProductDependency;
			package = 6F0B87CF2EB08FEF00B8EC92 /* XCRemoteSwiftPackageReference "kakao-ios-sdk" */;
			productName = KakaoSDKUser;
		};
		6F24ABC82EC19E8500F1B5C9 /* RxBlocking */ = {
			isa = XCSwiftPackageProductDependency;
			package = 6F24ABC72EC19E8500F1B5C9 /* XCRemoteSwiftPackageReference "RxSwift" */;
			productName = RxBlocking;
		};
		6F24ABCA2EC19E8500F1B5C9 /* RxCocoa */ = {
			isa = XCSwiftPackageProductDependency;
			package = 6F24ABC72EC19E8500F1B5C9 /* XCRemoteSwiftPackageReference "RxSwift" */;
			productName = RxCocoa;
		};
		6F24ABCC2EC19E8500F1B5C9 /* RxRelay */ = {
			isa = XCSwiftPackageProductDependency;
			package = 6F24ABC72EC19E8500F1B5C9 /* XCRemoteSwiftPackageReference "RxSwift" */;
			productName = RxRelay;
		};
		6F24ABCE2EC19E8500F1B5C9 /* RxSwift */ = {
			isa = XCSwiftPackageProductDependency;
			package = 6F24ABC72EC19E8500F1B5C9 /* XCRemoteSwiftPackageReference "RxSwift" */;
			productName = RxSwift;
		};
		6F2B28352ECB490B00FB7169 /* GoogleMobileAds */ = {
			isa = XCSwiftPackageProductDependency;
			package = 6F2B28342ECB490B00FB7169 /* XCRemoteSwiftPackageReference "swift-package-manager-google-mobile-ads" */;
			productName = GoogleMobileAds;
		};
		6F2EF7D22EABC0E000E43376 /* FirebaseAI */ = {
			isa = XCSwiftPackageProductDependency;
			package = 6F2EF7D12EABC0E000E43376 /* XCRemoteSwiftPackageReference "firebase-ios-sdk" */;
			productName = FirebaseAI;
		};
		6F2EF7D42EABC0E000E43376 /* FirebaseAnalytics */ = {
			isa = XCSwiftPackageProductDependency;
			package = 6F2EF7D12EABC0E000E43376 /* XCRemoteSwiftPackageReference "firebase-ios-sdk" */;
			productName = FirebaseAnalytics;
		};
		6F2EF7D62EABC0E000E43376 /* FirebaseAnalyticsCore */ = {
			isa = XCSwiftPackageProductDependency;
			package = 6F2EF7D12EABC0E000E43376 /* XCRemoteSwiftPackageReference "firebase-ios-sdk" */;
			productName = FirebaseAnalyticsCore;
		};
		6F2EF7D82EABC0E000E43376 /* FirebaseAnalyticsIdentitySupport */ = {
			isa = XCSwiftPackageProductDependency;
			package = 6F2EF7D12EABC0E000E43376 /* XCRemoteSwiftPackageReference "firebase-ios-sdk" */;
			productName = FirebaseAnalyticsIdentitySupport;
		};
		6F2EF7DA2EABC0E000E43376 /* FirebaseAppCheck */ = {
			isa = XCSwiftPackageProductDependency;
			package = 6F2EF7D12EABC0E000E43376 /* XCRemoteSwiftPackageReference "firebase-ios-sdk" */;
			productName = FirebaseAppCheck;
		};
		6F2EF7DC2EABC1B600E43376 /* FirebaseMessaging */ = {
			isa = XCSwiftPackageProductDependency;
			package = 6F2EF7D12EABC0E000E43376 /* XCRemoteSwiftPackageReference "firebase-ios-sdk" */;
			productName = FirebaseMessaging;
		};
		6F3C6B432EEF75B200DDD62F /* CombineMoya */ = {
			isa = XCSwiftPackageProductDependency;
			package = 6F3C6B422EEF75B200DDD62F /* XCRemoteSwiftPackageReference "Moya" */;
			productName = CombineMoya;
		};
		6F3C6B452EEF75B200DDD62F /* Moya */ = {
			isa = XCSwiftPackageProductDependency;
			package = 6F3C6B422EEF75B200DDD62F /* XCRemoteSwiftPackageReference "Moya" */;
			productName = Moya;
		};
		6F3C6B472EEF75B200DDD62F /* ReactiveMoya */ = {
			isa = XCSwiftPackageProductDependency;
			package = 6F3C6B422EEF75B200DDD62F /* XCRemoteSwiftPackageReference "Moya" */;
			productName = ReactiveMoya;
		};
		6F3C6B492EEF75B200DDD62F /* RxMoya */ = {
			isa = XCSwiftPackageProductDependency;
			package = 6F3C6B422EEF75B200DDD62F /* XCRemoteSwiftPackageReference "Moya" */;
			productName = RxMoya;
		};
		6F7FE3992EB52AB100AD3D43 /* FirebaseFirestore */ = {
			isa = XCSwiftPackageProductDependency;
			package = 6F2EF7D12EABC0E000E43376 /* XCRemoteSwiftPackageReference "firebase-ios-sdk" */;
			productName = FirebaseFirestore;
		};
		6F7FE39B2EB52AD400AD3D43 /* FirebaseStorage */ = {
			isa = XCSwiftPackageProductDependency;
			package = 6F2EF7D12EABC0E000E43376 /* XCRemoteSwiftPackageReference "firebase-ios-sdk" */;
			productName = FirebaseStorage;
		};
		852807FB2E899A37009710CC /* Then */ = {
			isa = XCSwiftPackageProductDependency;
			package = 852807FA2E899A37009710CC /* XCRemoteSwiftPackageReference "Then" */;
			productName = Then;
		};
		852807FE2E899A45009710CC /* SnapKit */ = {
			isa = XCSwiftPackageProductDependency;
			package = 852807FD2E899A45009710CC /* XCRemoteSwiftPackageReference "SnapKit" */;
			productName = SnapKit;
		};
/* End XCSwiftPackageProductDependency section */
	};
	rootObject = 85BB43432E83F68E002330D2 /* Project object */;
}
